<Solution>
  <Configurations>
    <Platform Name="ARM" />
    <Platform Name="ARM64" />
    <Platform Name="x64" />
    <Platform Name="x86" />
  </Configurations>
  <Project Path="../Testing/Testing.vcxproj" Id="10b260e8-eeff-49e5-a869-a57323f94922">
    <Platform Solution="*|x86" Project="x86" />
    <Deploy />
  </Project>
  <Project Path="YoRadioVS.vcxproj" Id="33033857-8d40-4ea4-91bb-05dd4a575572">
    <Platform Solution="*|x86" Project="x86" />
    <Deploy />
  </Project>
</Solution>
