<?xml version="1.0" encoding="utf-8"?>
<Project ToolsVersion="4.0" xmlns="http://schemas.microsoft.com/developer/msbuild/2003">
  <ItemGroup>
    <Filter Include="Source Files">
      <UniqueIdentifier>{4FC737F1-C7A5-4376-A066-2A32D752A2FF}</UniqueIdentifier>
      <Extensions>cpp;c;cc;cxx;def;odl;idl;hpj;bat;asm;asmx</Extensions>
    </Filter>
    <Filter Include="Header Files">
      <UniqueIdentifier>{93995380-89BD-4b04-88EB-625FBE52EBFB}</UniqueIdentifier>
      <Extensions>h;hh;hpp;hxx;hm;inl;inc;xsd</Extensions>
    </Filter>
    <Filter Include="Misc Files">
      <UniqueIdentifier>{67DA6AB6-F800-4c08-8B7A-83BB121AAD01}</UniqueIdentifier>
      <Extensions>xml;json;txt;rc;ico;cur;bmp;dlg;rc2;rct;bin;rgs;gif;jpg;jpeg;jpe;resx;tiff;tif;png;wav;mfcribbon-ms</Extensions>
    </Filter>
  </ItemGroup>
  <ItemGroup>
    <None Include="src\arduino folders read me.txt">
      <Filter>Misc Files</Filter>
    </None>
    <None Include="src\AsyncWebServer\edit.htm" />
    <None Include="data\www\dragpl.js.gz" />
    <None Include="data\www\ir.css.gz" />
    <None Include="data\www\ir.js.gz" />
    <None Include="data\www\irrecord.html.gz" />
    <None Include="data\www\logo.svg.gz" />
    <None Include="data\www\options.html.gz" />
    <None Include="data\www\player.html.gz" />
    <None Include="data\www\script.js.gz" />
    <None Include="data\www\style.css.gz" />
    <None Include="data\www\theme.css" />
    <None Include="data\www\updform.html.gz" />
    <None Include="YoRadioVS.slnx" />
    <None Include=".github\copilot-instructions.md" />
  </ItemGroup>
  <ItemGroup>
    <ClCompile Include="YoRadioVS.ino" />
    <ClCompile Include="src\main.cpp">
      <Filter>Source Files</Filter>
    </ClCompile>
    <ClCompile Include="src\core\commandhandler.cpp">
      <Filter>Source Files</Filter>
    </ClCompile>
    <ClCompile Include="src\core\config.cpp">
      <Filter>Source Files</Filter>
    </ClCompile>
    <ClCompile Include="src\core\controls.cpp">
      <Filter>Source Files</Filter>
    </ClCompile>
    <ClCompile Include="src\core\display.cpp">
      <Filter>Source Files</Filter>
    </ClCompile>
    <ClCompile Include="src\core\mqtt.cpp">
      <Filter>Source Files</Filter>
    </ClCompile>
    <ClCompile Include="src\core\netserver.cpp">
      <Filter>Source Files</Filter>
    </ClCompile>
    <ClCompile Include="src\core\network.cpp">
      <Filter>Source Files</Filter>
    </ClCompile>
    <ClCompile Include="src\core\player.cpp">
      <Filter>Source Files</Filter>
    </ClCompile>
    <ClCompile Include="src\core\rtcsupport.cpp">
      <Filter>Source Files</Filter>
    </ClCompile>
    <ClCompile Include="src\core\sdmanager.cpp">
      <Filter>Source Files</Filter>
    </ClCompile>
    <ClCompile Include="src\core\telnet.cpp">
      <Filter>Source Files</Filter>
    </ClCompile>
    <ClCompile Include="src\core\timekeeper.cpp">
      <Filter>Source Files</Filter>
    </ClCompile>
    <ClCompile Include="src\core\touchscreen.cpp">
      <Filter>Source Files</Filter>
    </ClCompile>
    <ClCompile Include="fonts\glcdfont.c">
      <Filter>Source Files</Filter>
    </ClCompile>
    <ClCompile Include="fonts\glcdfont_EN.c">
      <Filter>Source Files</Filter>
    </ClCompile>
    <ClCompile Include="src\Adafruit_GC9A01A\Adafruit_GC9A01A.cpp">
      <Filter>Source Files</Filter>
    </ClCompile>
    <ClCompile Include="src\Adafruit_GC9106Ex\Adafruit_GC9106Ex.cpp">
      <Filter>Source Files</Filter>
    </ClCompile>
    <ClCompile Include="src\Adafruit_ILI9225\Adafruit_ILI9225.cpp">
      <Filter>Source Files</Filter>
    </ClCompile>
    <ClCompile Include="src\Adafruit_ST7796S\Adafruit_ST7796S_kbv.cpp">
      <Filter>Source Files</Filter>
    </ClCompile>
    <ClCompile Include="src\async-mqtt-client\AsyncMqttClient\Packets\Out\Connect.cpp">
      <Filter>Source Files</Filter>
    </ClCompile>
    <ClCompile Include="src\async-mqtt-client\AsyncMqttClient\Packets\Out\Disconn.cpp">
      <Filter>Source Files</Filter>
    </ClCompile>
    <ClCompile Include="src\async-mqtt-client\AsyncMqttClient\Packets\Out\OutPacket.cpp">
      <Filter>Source Files</Filter>
    </ClCompile>
    <ClCompile Include="src\async-mqtt-client\AsyncMqttClient\Packets\Out\PingReq.cpp">
      <Filter>Source Files</Filter>
    </ClCompile>
    <ClCompile Include="src\async-mqtt-client\AsyncMqttClient\Packets\Out\PubAck.cpp">
      <Filter>Source Files</Filter>
    </ClCompile>
    <ClCompile Include="src\async-mqtt-client\AsyncMqttClient\Packets\Out\Publish.cpp">
      <Filter>Source Files</Filter>
    </ClCompile>
    <ClCompile Include="src\async-mqtt-client\AsyncMqttClient\Packets\Out\Subscribe.cpp">
      <Filter>Source Files</Filter>
    </ClCompile>
    <ClCompile Include="src\async-mqtt-client\AsyncMqttClient\Packets\Out\Unsubscribe.cpp">
      <Filter>Source Files</Filter>
    </ClCompile>
    <ClCompile Include="src\async-mqtt-client\AsyncMqttClient\Packets\ConnAckPacket.cpp">
      <Filter>Source Files</Filter>
    </ClCompile>
    <ClCompile Include="src\async-mqtt-client\AsyncMqttClient\Packets\PingRespPacket.cpp">
      <Filter>Source Files</Filter>
    </ClCompile>
    <ClCompile Include="src\async-mqtt-client\AsyncMqttClient\Packets\PubAckPacket.cpp">
      <Filter>Source Files</Filter>
    </ClCompile>
    <ClCompile Include="src\async-mqtt-client\AsyncMqttClient\Packets\PubCompPacket.cpp">
      <Filter>Source Files</Filter>
    </ClCompile>
    <ClCompile Include="src\async-mqtt-client\AsyncMqttClient\Packets\PublishPacket.cpp">
      <Filter>Source Files</Filter>
    </ClCompile>
    <ClCompile Include="src\async-mqtt-client\AsyncMqttClient\Packets\PubRecPacket.cpp">
      <Filter>Source Files</Filter>
    </ClCompile>
    <ClCompile Include="src\async-mqtt-client\AsyncMqttClient\Packets\PubRelPacket.cpp">
      <Filter>Source Files</Filter>
    </ClCompile>
    <ClCompile Include="src\async-mqtt-client\AsyncMqttClient\Packets\SubAckPacket.cpp">
      <Filter>Source Files</Filter>
    </ClCompile>
    <ClCompile Include="src\async-mqtt-client\AsyncMqttClient\Packets\UnsubAckPacket.cpp">
      <Filter>Source Files</Filter>
    </ClCompile>
    <ClCompile Include="src\async-mqtt-client\AsyncMqttClient.cpp">
      <Filter>Source Files</Filter>
    </ClCompile>
    <ClCompile Include="src\AsyncWebServer\AsyncEventSource.cpp">
      <Filter>Source Files</Filter>
    </ClCompile>
    <ClCompile Include="src\AsyncWebServer\AsyncTCP.cpp">
      <Filter>Source Files</Filter>
    </ClCompile>
    <ClCompile Include="src\AsyncWebServer\AsyncWebSocket.cpp">
      <Filter>Source Files</Filter>
    </ClCompile>
    <ClCompile Include="src\AsyncWebServer\SPIFFSEditor.cpp">
      <Filter>Source Files</Filter>
    </ClCompile>
    <ClCompile Include="src\AsyncWebServer\WebAuthentication.cpp">
      <Filter>Source Files</Filter>
    </ClCompile>
    <ClCompile Include="src\AsyncWebServer\WebHandlers.cpp">
      <Filter>Source Files</Filter>
    </ClCompile>
    <ClCompile Include="src\AsyncWebServer\WebRequest.cpp">
      <Filter>Source Files</Filter>
    </ClCompile>
    <ClCompile Include="src\AsyncWebServer\WebResponses.cpp">
      <Filter>Source Files</Filter>
    </ClCompile>
    <ClCompile Include="src\AsyncWebServer\WebServer.cpp">
      <Filter>Source Files</Filter>
    </ClCompile>
    <ClCompile Include="src\audioI2S\aac_decoder\aac_decoder.cpp">
      <Filter>Source Files</Filter>
    </ClCompile>
    <ClCompile Include="src\audioI2S\flac_decoder\flac_decoder.cpp">
      <Filter>Source Files</Filter>
    </ClCompile>
    <ClCompile Include="src\audioI2S\mp3_decoder\mp3_decoder.cpp">
      <Filter>Source Files</Filter>
    </ClCompile>
    <ClCompile Include="src\audioI2S\Audio.cpp">
      <Filter>Source Files</Filter>
    </ClCompile>
    <ClCompile Include="src\audioVS1053\audioVS1053Ex.cpp">
      <Filter>Source Files</Filter>
    </ClCompile>
    <ClCompile Include="src\displays\fonts\yofont5x7.c">
      <Filter>Source Files</Filter>
    </ClCompile>
    <ClCompile Include="src\displays\fonts\yofont10x14.c">
      <Filter>Source Files</Filter>
    </ClCompile>
    <ClCompile Include="src\displays\tools\utf8Rus.cpp">
      <Filter>Source Files</Filter>
    </ClCompile>
    <ClCompile Include="src\displays\widgets\pages.cpp">
      <Filter>Source Files</Filter>
    </ClCompile>
    <ClCompile Include="src\displays\widgets\widgets.cpp">
      <Filter>Source Files</Filter>
    </ClCompile>
    <ClCompile Include="src\displays\displayGC9A01A.cpp">
      <Filter>Source Files</Filter>
    </ClCompile>
    <ClCompile Include="src\displays\displayGC9106.cpp">
      <Filter>Source Files</Filter>
    </ClCompile>
    <ClCompile Include="src\displays\displayILI9225.cpp">
      <Filter>Source Files</Filter>
    </ClCompile>
    <ClCompile Include="src\displays\displayILI9341.cpp">
      <Filter>Source Files</Filter>
    </ClCompile>
    <ClCompile Include="src\displays\displayILI9488.cpp">
      <Filter>Source Files</Filter>
    </ClCompile>
    <ClCompile Include="src\displays\displayLC1602.cpp">
      <Filter>Source Files</Filter>
    </ClCompile>
    <ClCompile Include="src\displays\displayN5110.cpp">
      <Filter>Source Files</Filter>
    </ClCompile>
    <ClCompile Include="src\displays\displaySH1106.cpp">
      <Filter>Source Files</Filter>
    </ClCompile>
    <ClCompile Include="src\displays\displaySSD1305.cpp">
      <Filter>Source Files</Filter>
    </ClCompile>
    <ClCompile Include="src\displays\displaySSD1306.cpp">
      <Filter>Source Files</Filter>
    </ClCompile>
    <ClCompile Include="src\displays\displaySSD1322.cpp">
      <Filter>Source Files</Filter>
    </ClCompile>
    <ClCompile Include="src\displays\displaySSD1327.cpp">
      <Filter>Source Files</Filter>
    </ClCompile>
    <ClCompile Include="src\displays\displayST7735.cpp">
      <Filter>Source Files</Filter>
    </ClCompile>
    <ClCompile Include="src\displays\displayST7789.cpp">
      <Filter>Source Files</Filter>
    </ClCompile>
    <ClCompile Include="src\displays\displayST7796.cpp">
      <Filter>Source Files</Filter>
    </ClCompile>
    <ClCompile Include="src\displays\displayST7920.cpp">
      <Filter>Source Files</Filter>
    </ClCompile>
    <ClCompile Include="src\displays\nextion.cpp">
      <Filter>Source Files</Filter>
    </ClCompile>
    <ClCompile Include="src\GT911_Touchscreen\TAMC_GT911.cpp">
      <Filter>Source Files</Filter>
    </ClCompile>
    <ClCompile Include="src\ILI9488\ILI9486_SPI.cpp">
      <Filter>Source Files</Filter>
    </ClCompile>
    <ClCompile Include="src\IRremoteESP8266\ir_Airton.cpp">
      <Filter>Source Files</Filter>
    </ClCompile>
    <ClCompile Include="src\IRremoteESP8266\ir_Airwell.cpp">
      <Filter>Source Files</Filter>
    </ClCompile>
    <ClCompile Include="src\IRremoteESP8266\ir_Aiwa.cpp">
      <Filter>Source Files</Filter>
    </ClCompile>
    <ClCompile Include="src\IRremoteESP8266\ir_Amcor.cpp">
      <Filter>Source Files</Filter>
    </ClCompile>
    <ClCompile Include="src\IRremoteESP8266\ir_Argo.cpp">
      <Filter>Source Files</Filter>
    </ClCompile>
    <ClCompile Include="src\IRremoteESP8266\ir_Arris.cpp">
      <Filter>Source Files</Filter>
    </ClCompile>
    <ClCompile Include="src\IRremoteESP8266\ir_Bosch.cpp">
      <Filter>Source Files</Filter>
    </ClCompile>
    <ClCompile Include="src\IRremoteESP8266\ir_Bose.cpp">
      <Filter>Source Files</Filter>
    </ClCompile>
    <ClCompile Include="src\IRremoteESP8266\ir_Carrier.cpp">
      <Filter>Source Files</Filter>
    </ClCompile>
    <ClCompile Include="src\IRremoteESP8266\ir_ClimaButler.cpp">
      <Filter>Source Files</Filter>
    </ClCompile>
    <ClCompile Include="src\IRremoteESP8266\ir_Coolix.cpp">
      <Filter>Source Files</Filter>
    </ClCompile>
    <ClCompile Include="src\IRremoteESP8266\ir_Corona.cpp">
      <Filter>Source Files</Filter>
    </ClCompile>
    <ClCompile Include="src\IRremoteESP8266\ir_Daikin.cpp">
      <Filter>Source Files</Filter>
    </ClCompile>
    <ClCompile Include="src\IRremoteESP8266\ir_Delonghi.cpp">
      <Filter>Source Files</Filter>
    </ClCompile>
    <ClCompile Include="src\IRremoteESP8266\ir_Denon.cpp">
      <Filter>Source Files</Filter>
    </ClCompile>
    <ClCompile Include="src\IRremoteESP8266\ir_Dish.cpp">
      <Filter>Source Files</Filter>
    </ClCompile>
    <ClCompile Include="src\IRremoteESP8266\ir_Doshisha.cpp">
      <Filter>Source Files</Filter>
    </ClCompile>
    <ClCompile Include="src\IRremoteESP8266\ir_Ecoclim.cpp">
      <Filter>Source Files</Filter>
    </ClCompile>
    <ClCompile Include="src\IRremoteESP8266\ir_Electra.cpp">
      <Filter>Source Files</Filter>
    </ClCompile>
    <ClCompile Include="src\IRremoteESP8266\ir_EliteScreens.cpp">
      <Filter>Source Files</Filter>
    </ClCompile>
    <ClCompile Include="src\IRremoteESP8266\ir_Epson.cpp">
      <Filter>Source Files</Filter>
    </ClCompile>
    <ClCompile Include="src\IRremoteESP8266\ir_Fujitsu.cpp">
      <Filter>Source Files</Filter>
    </ClCompile>
    <ClCompile Include="src\IRremoteESP8266\ir_GICable.cpp">
      <Filter>Source Files</Filter>
    </ClCompile>
    <ClCompile Include="src\IRremoteESP8266\ir_GlobalCache.cpp">
      <Filter>Source Files</Filter>
    </ClCompile>
    <ClCompile Include="src\IRremoteESP8266\ir_Goodweather.cpp">
      <Filter>Source Files</Filter>
    </ClCompile>
    <ClCompile Include="src\IRremoteESP8266\ir_Gorenje.cpp">
      <Filter>Source Files</Filter>
    </ClCompile>
    <ClCompile Include="src\IRremoteESP8266\ir_Gree.cpp">
      <Filter>Source Files</Filter>
    </ClCompile>
    <ClCompile Include="src\IRremoteESP8266\ir_Haier.cpp">
      <Filter>Source Files</Filter>
    </ClCompile>
    <ClCompile Include="src\IRremoteESP8266\ir_Hitachi.cpp">
      <Filter>Source Files</Filter>
    </ClCompile>
    <ClCompile Include="src\IRremoteESP8266\ir_Inax.cpp">
      <Filter>Source Files</Filter>
    </ClCompile>
    <ClCompile Include="src\IRremoteESP8266\ir_JVC.cpp">
      <Filter>Source Files</Filter>
    </ClCompile>
    <ClCompile Include="src\IRremoteESP8266\ir_Kelon.cpp">
      <Filter>Source Files</Filter>
    </ClCompile>
    <ClCompile Include="src\IRremoteESP8266\ir_Kelvinator.cpp">
      <Filter>Source Files</Filter>
    </ClCompile>
    <ClCompile Include="src\IRremoteESP8266\ir_Lasertag.cpp">
      <Filter>Source Files</Filter>
    </ClCompile>
    <ClCompile Include="src\IRremoteESP8266\ir_Lego.cpp">
      <Filter>Source Files</Filter>
    </ClCompile>
    <ClCompile Include="src\IRremoteESP8266\ir_LG.cpp">
      <Filter>Source Files</Filter>
    </ClCompile>
    <ClCompile Include="src\IRremoteESP8266\ir_Lutron.cpp">
      <Filter>Source Files</Filter>
    </ClCompile>
    <ClCompile Include="src\IRremoteESP8266\ir_Magiquest.cpp">
      <Filter>Source Files</Filter>
    </ClCompile>
    <ClCompile Include="src\IRremoteESP8266\ir_Metz.cpp">
      <Filter>Source Files</Filter>
    </ClCompile>
    <ClCompile Include="src\IRremoteESP8266\ir_Midea.cpp">
      <Filter>Source Files</Filter>
    </ClCompile>
    <ClCompile Include="src\IRremoteESP8266\ir_MilesTag2.cpp">
      <Filter>Source Files</Filter>
    </ClCompile>
    <ClCompile Include="src\IRremoteESP8266\ir_Mirage.cpp">
      <Filter>Source Files</Filter>
    </ClCompile>
    <ClCompile Include="src\IRremoteESP8266\ir_Mitsubishi.cpp">
      <Filter>Source Files</Filter>
    </ClCompile>
    <ClCompile Include="src\IRremoteESP8266\ir_MitsubishiHeavy.cpp">
      <Filter>Source Files</Filter>
    </ClCompile>
    <ClCompile Include="src\IRremoteESP8266\ir_Multibrackets.cpp">
      <Filter>Source Files</Filter>
    </ClCompile>
    <ClCompile Include="src\IRremoteESP8266\ir_MWM.cpp">
      <Filter>Source Files</Filter>
    </ClCompile>
    <ClCompile Include="src\IRremoteESP8266\ir_NEC.cpp">
      <Filter>Source Files</Filter>
    </ClCompile>
    <ClCompile Include="src\IRremoteESP8266\ir_Neoclima.cpp">
      <Filter>Source Files</Filter>
    </ClCompile>
    <ClCompile Include="src\IRremoteESP8266\ir_Nikai.cpp">
      <Filter>Source Files</Filter>
    </ClCompile>
    <ClCompile Include="src\IRremoteESP8266\ir_Panasonic.cpp">
      <Filter>Source Files</Filter>
    </ClCompile>
    <ClCompile Include="src\IRremoteESP8266\ir_Pioneer.cpp">
      <Filter>Source Files</Filter>
    </ClCompile>
    <ClCompile Include="src\IRremoteESP8266\ir_Pronto.cpp">
      <Filter>Source Files</Filter>
    </ClCompile>
    <ClCompile Include="src\IRremoteESP8266\ir_RC5_RC6.cpp">
      <Filter>Source Files</Filter>
    </ClCompile>
    <ClCompile Include="src\IRremoteESP8266\ir_RCMM.cpp">
      <Filter>Source Files</Filter>
    </ClCompile>
    <ClCompile Include="src\IRremoteESP8266\ir_Rhoss.cpp">
      <Filter>Source Files</Filter>
    </ClCompile>
    <ClCompile Include="src\IRremoteESP8266\ir_Samsung.cpp">
      <Filter>Source Files</Filter>
    </ClCompile>
    <ClCompile Include="src\IRremoteESP8266\ir_Sanyo.cpp">
      <Filter>Source Files</Filter>
    </ClCompile>
    <ClCompile Include="src\IRremoteESP8266\ir_Sharp.cpp">
      <Filter>Source Files</Filter>
    </ClCompile>
    <ClCompile Include="src\IRremoteESP8266\ir_Sherwood.cpp">
      <Filter>Source Files</Filter>
    </ClCompile>
    <ClCompile Include="src\IRremoteESP8266\ir_Sony.cpp">
      <Filter>Source Files</Filter>
    </ClCompile>
    <ClCompile Include="src\IRremoteESP8266\ir_Symphony.cpp">
      <Filter>Source Files</Filter>
    </ClCompile>
    <ClCompile Include="src\IRremoteESP8266\ir_Tcl.cpp">
      <Filter>Source Files</Filter>
    </ClCompile>
    <ClCompile Include="src\IRremoteESP8266\ir_Technibel.cpp">
      <Filter>Source Files</Filter>
    </ClCompile>
    <ClCompile Include="src\IRremoteESP8266\ir_Teco.cpp">
      <Filter>Source Files</Filter>
    </ClCompile>
    <ClCompile Include="src\IRremoteESP8266\ir_Teknopoint.cpp">
      <Filter>Source Files</Filter>
    </ClCompile>
    <ClCompile Include="src\IRremoteESP8266\ir_Toshiba.cpp">
      <Filter>Source Files</Filter>
    </ClCompile>
    <ClCompile Include="src\IRremoteESP8266\ir_Toto.cpp">
      <Filter>Source Files</Filter>
    </ClCompile>
    <ClCompile Include="src\IRremoteESP8266\ir_Transcold.cpp">
      <Filter>Source Files</Filter>
    </ClCompile>
    <ClCompile Include="src\IRremoteESP8266\ir_Trotec.cpp">
      <Filter>Source Files</Filter>
    </ClCompile>
    <ClCompile Include="src\IRremoteESP8266\ir_Truma.cpp">
      <Filter>Source Files</Filter>
    </ClCompile>
    <ClCompile Include="src\IRremoteESP8266\ir_Vestel.cpp">
      <Filter>Source Files</Filter>
    </ClCompile>
    <ClCompile Include="src\IRremoteESP8266\ir_Voltas.cpp">
      <Filter>Source Files</Filter>
    </ClCompile>
    <ClCompile Include="src\IRremoteESP8266\ir_Whirlpool.cpp">
      <Filter>Source Files</Filter>
    </ClCompile>
    <ClCompile Include="src\IRremoteESP8266\ir_Whynter.cpp">
      <Filter>Source Files</Filter>
    </ClCompile>
    <ClCompile Include="src\IRremoteESP8266\ir_Wowwee.cpp">
      <Filter>Source Files</Filter>
    </ClCompile>
    <ClCompile Include="src\IRremoteESP8266\ir_Xmp.cpp">
      <Filter>Source Files</Filter>
    </ClCompile>
    <ClCompile Include="src\IRremoteESP8266\ir_York.cpp">
      <Filter>Source Files</Filter>
    </ClCompile>
    <ClCompile Include="src\IRremoteESP8266\ir_Zepeal.cpp">
      <Filter>Source Files</Filter>
    </ClCompile>
    <ClCompile Include="src\IRremoteESP8266\IRac.cpp">
      <Filter>Source Files</Filter>
    </ClCompile>
    <ClCompile Include="src\IRremoteESP8266\IRrecv.cpp">
      <Filter>Source Files</Filter>
    </ClCompile>
    <ClCompile Include="src\IRremoteESP8266\IRsend.cpp">
      <Filter>Source Files</Filter>
    </ClCompile>
    <ClCompile Include="src\IRremoteESP8266\IRtext.cpp">
      <Filter>Source Files</Filter>
    </ClCompile>
    <ClCompile Include="src\IRremoteESP8266\IRtimer.cpp">
      <Filter>Source Files</Filter>
    </ClCompile>
    <ClCompile Include="src\IRremoteESP8266\IRutils.cpp">
      <Filter>Source Files</Filter>
    </ClCompile>
    <ClCompile Include="src\LiquidCrystalI2C\LiquidCrystalI2CEx.cpp">
      <Filter>Source Files</Filter>
    </ClCompile>
    <ClCompile Include="src\OneButton\OneButton.cpp">
      <Filter>Source Files</Filter>
    </ClCompile>
    <ClCompile Include="src\pluginsManager\pluginsManager.cpp">
      <Filter>Source Files</Filter>
    </ClCompile>
    <ClCompile Include="src\SSD1322\SSD1322.cpp">
      <Filter>Source Files</Filter>
    </ClCompile>
    <ClCompile Include="src\ST7920\ST7920.cpp">
      <Filter>Source Files</Filter>
    </ClCompile>
    <ClCompile Include="src\yoEncoder\yoEncoder.cpp">
      <Filter>Source Files</Filter>
    </ClCompile>
    <ClCompile Include="src\displays\tools\utf8Pol.cpp">
      <Filter>Source Files</Filter>
    </ClCompile>
  </ItemGroup>
  <ItemGroup>
    <ClInclude Include="__vm\.YoRadioVS.vsarduino.h">
      <Filter>Header Files</Filter>
    </ClInclude>
    <ClInclude Include="src\core\audiohandlers.h">
      <Filter>Header Files</Filter>
    </ClInclude>
    <ClInclude Include="src\core\commandhandler.h">
      <Filter>Header Files</Filter>
    </ClInclude>
    <ClInclude Include="src\core\common.h">
      <Filter>Header Files</Filter>
    </ClInclude>
    <ClInclude Include="src\core\config.h">
      <Filter>Header Files</Filter>
    </ClInclude>
    <ClInclude Include="src\core\controls.h">
      <Filter>Header Files</Filter>
    </ClInclude>
    <ClInclude Include="src\core\display.h">
      <Filter>Header Files</Filter>
    </ClInclude>
    <ClInclude Include="src\core\mqtt.h">
      <Filter>Header Files</Filter>
    </ClInclude>
    <ClInclude Include="src\core\netserver.h">
      <Filter>Header Files</Filter>
    </ClInclude>
    <ClInclude Include="src\core\network.h">
      <Filter>Header Files</Filter>
    </ClInclude>
    <ClInclude Include="src\core\options.h">
      <Filter>Header Files</Filter>
    </ClInclude>
    <ClInclude Include="src\core\optionschecker.h">
      <Filter>Header Files</Filter>
    </ClInclude>
    <ClInclude Include="src\core\player.h">
      <Filter>Header Files</Filter>
    </ClInclude>
    <ClInclude Include="src\core\rtcsupport.h">
      <Filter>Header Files</Filter>
    </ClInclude>
    <ClInclude Include="src\core\sdmanager.h">
      <Filter>Header Files</Filter>
    </ClInclude>
    <ClInclude Include="src\core\telnet.h">
      <Filter>Header Files</Filter>
    </ClInclude>
    <ClInclude Include="src\core\timekeeper.h">
      <Filter>Header Files</Filter>
    </ClInclude>
    <ClInclude Include="src\core\touchscreen.h">
      <Filter>Header Files</Filter>
    </ClInclude>
    <ClInclude Include="locale\displayL10n_en.h">
      <Filter>Header Files</Filter>
    </ClInclude>
    <ClInclude Include="locale\displayL10n_ru.h">
      <Filter>Header Files</Filter>
    </ClInclude>
    <ClInclude Include="src\Adafruit_GC9A01A\Adafruit_GC9A01A.h">
      <Filter>Header Files</Filter>
    </ClInclude>
    <ClInclude Include="src\Adafruit_GC9106Ex\Adafruit_GC9106Ex.h">
      <Filter>Header Files</Filter>
    </ClInclude>
    <ClInclude Include="src\Adafruit_ILI9225\Adafruit_ILI9225.h">
      <Filter>Header Files</Filter>
    </ClInclude>
    <ClInclude Include="src\Adafruit_ST7796S\Adafruit_ST7796S_kbv.h">
      <Filter>Header Files</Filter>
    </ClInclude>
    <ClInclude Include="src\async-mqtt-client\AsyncMqttClient\Packets\Out\Connect.hpp">
      <Filter>Header Files</Filter>
    </ClInclude>
    <ClInclude Include="src\async-mqtt-client\AsyncMqttClient\Packets\Out\Disconn.hpp">
      <Filter>Header Files</Filter>
    </ClInclude>
    <ClInclude Include="src\async-mqtt-client\AsyncMqttClient\Packets\Out\OutPacket.hpp">
      <Filter>Header Files</Filter>
    </ClInclude>
    <ClInclude Include="src\async-mqtt-client\AsyncMqttClient\Packets\Out\PingReq.hpp">
      <Filter>Header Files</Filter>
    </ClInclude>
    <ClInclude Include="src\async-mqtt-client\AsyncMqttClient\Packets\Out\PubAck.hpp">
      <Filter>Header Files</Filter>
    </ClInclude>
    <ClInclude Include="src\async-mqtt-client\AsyncMqttClient\Packets\Out\Publish.hpp">
      <Filter>Header Files</Filter>
    </ClInclude>
    <ClInclude Include="src\async-mqtt-client\AsyncMqttClient\Packets\Out\Subscribe.hpp">
      <Filter>Header Files</Filter>
    </ClInclude>
    <ClInclude Include="src\async-mqtt-client\AsyncMqttClient\Packets\Out\Unsubscribe.hpp">
      <Filter>Header Files</Filter>
    </ClInclude>
    <ClInclude Include="src\async-mqtt-client\AsyncMqttClient\Packets\ConnAckPacket.hpp">
      <Filter>Header Files</Filter>
    </ClInclude>
    <ClInclude Include="src\async-mqtt-client\AsyncMqttClient\Packets\Packet.hpp">
      <Filter>Header Files</Filter>
    </ClInclude>
    <ClInclude Include="src\async-mqtt-client\AsyncMqttClient\Packets\PingRespPacket.hpp">
      <Filter>Header Files</Filter>
    </ClInclude>
    <ClInclude Include="src\async-mqtt-client\AsyncMqttClient\Packets\PubAckPacket.hpp">
      <Filter>Header Files</Filter>
    </ClInclude>
    <ClInclude Include="src\async-mqtt-client\AsyncMqttClient\Packets\PubCompPacket.hpp">
      <Filter>Header Files</Filter>
    </ClInclude>
    <ClInclude Include="src\async-mqtt-client\AsyncMqttClient\Packets\PublishPacket.hpp">
      <Filter>Header Files</Filter>
    </ClInclude>
    <ClInclude Include="src\async-mqtt-client\AsyncMqttClient\Packets\PubRecPacket.hpp">
      <Filter>Header Files</Filter>
    </ClInclude>
    <ClInclude Include="src\async-mqtt-client\AsyncMqttClient\Packets\PubRelPacket.hpp">
      <Filter>Header Files</Filter>
    </ClInclude>
    <ClInclude Include="src\async-mqtt-client\AsyncMqttClient\Packets\SubAckPacket.hpp">
      <Filter>Header Files</Filter>
    </ClInclude>
    <ClInclude Include="src\async-mqtt-client\AsyncMqttClient\Packets\UnsubAckPacket.hpp">
      <Filter>Header Files</Filter>
    </ClInclude>
    <ClInclude Include="src\async-mqtt-client\AsyncMqttClient\Callbacks.hpp">
      <Filter>Header Files</Filter>
    </ClInclude>
    <ClInclude Include="src\async-mqtt-client\AsyncMqttClient\DisconnectReasons.hpp">
      <Filter>Header Files</Filter>
    </ClInclude>
    <ClInclude Include="src\async-mqtt-client\AsyncMqttClient\Errors.hpp">
      <Filter>Header Files</Filter>
    </ClInclude>
    <ClInclude Include="src\async-mqtt-client\AsyncMqttClient\Flags.hpp">
      <Filter>Header Files</Filter>
    </ClInclude>
    <ClInclude Include="src\async-mqtt-client\AsyncMqttClient\Helpers.hpp">
      <Filter>Header Files</Filter>
    </ClInclude>
    <ClInclude Include="src\async-mqtt-client\AsyncMqttClient\MessageProperties.hpp">
      <Filter>Header Files</Filter>
    </ClInclude>
    <ClInclude Include="src\async-mqtt-client\AsyncMqttClient\ParsingInformation.hpp">
      <Filter>Header Files</Filter>
    </ClInclude>
    <ClInclude Include="src\async-mqtt-client\AsyncMqttClient\Storage.hpp">
      <Filter>Header Files</Filter>
    </ClInclude>
    <ClInclude Include="src\async-mqtt-client\AsyncMqttClient.h">
      <Filter>Header Files</Filter>
    </ClInclude>
    <ClInclude Include="src\async-mqtt-client\AsyncMqttClient.hpp">
      <Filter>Header Files</Filter>
    </ClInclude>
    <ClInclude Include="src\AsyncWebServer\AsyncEventSource.h">
      <Filter>Header Files</Filter>
    </ClInclude>
    <ClInclude Include="src\AsyncWebServer\AsyncJson.h">
      <Filter>Header Files</Filter>
    </ClInclude>
    <ClInclude Include="src\AsyncWebServer\AsyncTCP.h">
      <Filter>Header Files</Filter>
    </ClInclude>
    <ClInclude Include="src\AsyncWebServer\AsyncWebSocket.h">
      <Filter>Header Files</Filter>
    </ClInclude>
    <ClInclude Include="src\AsyncWebServer\AsyncWebSynchronization.h">
      <Filter>Header Files</Filter>
    </ClInclude>
    <ClInclude Include="src\AsyncWebServer\ESPAsyncWebServer.h">
      <Filter>Header Files</Filter>
    </ClInclude>
    <ClInclude Include="src\AsyncWebServer\SPIFFSEditor.h">
      <Filter>Header Files</Filter>
    </ClInclude>
    <ClInclude Include="src\AsyncWebServer\StringArray.h">
      <Filter>Header Files</Filter>
    </ClInclude>
    <ClInclude Include="src\AsyncWebServer\WebAuthentication.h">
      <Filter>Header Files</Filter>
    </ClInclude>
    <ClInclude Include="src\AsyncWebServer\WebHandlerImpl.h">
      <Filter>Header Files</Filter>
    </ClInclude>
    <ClInclude Include="src\AsyncWebServer\WebResponseImpl.h">
      <Filter>Header Files</Filter>
    </ClInclude>
    <ClInclude Include="src\audioI2S\aac_decoder\aac_decoder.h">
      <Filter>Header Files</Filter>
    </ClInclude>
    <ClInclude Include="src\audioI2S\flac_decoder\flac_decoder.h">
      <Filter>Header Files</Filter>
    </ClInclude>
    <ClInclude Include="src\audioI2S\mp3_decoder\mp3_decoder.h">
      <Filter>Header Files</Filter>
    </ClInclude>
    <ClInclude Include="src\audioI2S\AudioEx.h">
      <Filter>Header Files</Filter>
    </ClInclude>
    <ClInclude Include="src\audioVS1053\audioVS1053Ex.h">
      <Filter>Header Files</Filter>
    </ClInclude>
    <ClInclude Include="src\audioVS1053\vs1053b-patches-flac.h">
      <Filter>Header Files</Filter>
    </ClInclude>
    <ClInclude Include="src\displays\conf\displayGC9A01Aconf.h">
      <Filter>Header Files</Filter>
    </ClInclude>
    <ClInclude Include="src\displays\conf\displayGC9106conf.h">
      <Filter>Header Files</Filter>
    </ClInclude>
    <ClInclude Include="src\displays\conf\displayILI9225conf.h">
      <Filter>Header Files</Filter>
    </ClInclude>
    <ClInclude Include="src\displays\conf\displayILI9341conf.h">
      <Filter>Header Files</Filter>
    </ClInclude>
    <ClInclude Include="src\displays\conf\displayILI9488conf.h">
      <Filter>Header Files</Filter>
    </ClInclude>
    <ClInclude Include="src\displays\conf\displayLCD1602conf.h">
      <Filter>Header Files</Filter>
    </ClInclude>
    <ClInclude Include="src\displays\conf\displayLCD2004conf.h">
      <Filter>Header Files</Filter>
    </ClInclude>
    <ClInclude Include="src\displays\conf\displayN5110conf.h">
      <Filter>Header Files</Filter>
    </ClInclude>
    <ClInclude Include="src\displays\conf\displaySH1106conf.h">
      <Filter>Header Files</Filter>
    </ClInclude>
    <ClInclude Include="src\displays\conf\displaySSD1305conf.h">
      <Filter>Header Files</Filter>
    </ClInclude>
    <ClInclude Include="src\displays\conf\displaySSD1306conf.h">
      <Filter>Header Files</Filter>
    </ClInclude>
    <ClInclude Include="src\displays\conf\displaySSD1306x32conf.h">
      <Filter>Header Files</Filter>
    </ClInclude>
    <ClInclude Include="src\displays\conf\displaySSD1322conf.h">
      <Filter>Header Files</Filter>
    </ClInclude>
    <ClInclude Include="src\displays\conf\displaySSD1327conf.h">
      <Filter>Header Files</Filter>
    </ClInclude>
    <ClInclude Include="src\displays\conf\displayST7735_144conf.h">
      <Filter>Header Files</Filter>
    </ClInclude>
    <ClInclude Include="src\displays\conf\displayST7735_blackconf.h">
      <Filter>Header Files</Filter>
    </ClInclude>
    <ClInclude Include="src\displays\conf\displayST7735_miniconf.h">
      <Filter>Header Files</Filter>
    </ClInclude>
    <ClInclude Include="src\displays\conf\displayST7789_76conf.h">
      <Filter>Header Files</Filter>
    </ClInclude>
    <ClInclude Include="src\displays\conf\displayST7789_170conf.h">
      <Filter>Header Files</Filter>
    </ClInclude>
    <ClInclude Include="src\displays\conf\displayST7789_240conf.h">
      <Filter>Header Files</Filter>
    </ClInclude>
    <ClInclude Include="src\displays\conf\displayST7789conf.h">
      <Filter>Header Files</Filter>
    </ClInclude>
    <ClInclude Include="src\displays\conf\displayST7796conf.h">
      <Filter>Header Files</Filter>
    </ClInclude>
    <ClInclude Include="src\displays\conf\displayST7920conf.h">
      <Filter>Header Files</Filter>
    </ClInclude>
    <ClInclude Include="src\displays\fonts\bootlogo21x28.h">
      <Filter>Header Files</Filter>
    </ClInclude>
    <ClInclude Include="src\displays\fonts\bootlogo21x32.h">
      <Filter>Header Files</Filter>
    </ClInclude>
    <ClInclude Include="src\displays\fonts\bootlogo62x40.h">
      <Filter>Header Files</Filter>
    </ClInclude>
    <ClInclude Include="src\displays\fonts\bootlogo99x64.h">
      <Filter>Header Files</Filter>
    </ClInclude>
    <ClInclude Include="src\displays\fonts\DS_DIGI15pt7b.h">
      <Filter>Header Files</Filter>
    </ClInclude>
    <ClInclude Include="src\displays\fonts\DS_DIGI15pt7b_mono.h">
      <Filter>Header Files</Filter>
    </ClInclude>
    <ClInclude Include="src\displays\fonts\DS_DIGI28pt7b.h">
      <Filter>Header Files</Filter>
    </ClInclude>
    <ClInclude Include="src\displays\fonts\DS_DIGI28pt7b_mono.h">
      <Filter>Header Files</Filter>
    </ClInclude>
    <ClInclude Include="src\displays\fonts\DS_DIGI42pt7b.h">
      <Filter>Header Files</Filter>
    </ClInclude>
    <ClInclude Include="src\displays\fonts\DS_DIGI42pt7b_mono.h">
      <Filter>Header Files</Filter>
    </ClInclude>
    <ClInclude Include="src\displays\fonts\DS_DIGI56pt7b.h">
      <Filter>Header Files</Filter>
    </ClInclude>
    <ClInclude Include="src\displays\fonts\DS_DIGI56pt7b_mono.h">
      <Filter>Header Files</Filter>
    </ClInclude>
    <ClInclude Include="src\displays\fonts\dsfont19.h">
      <Filter>Header Files</Filter>
    </ClInclude>
    <ClInclude Include="src\displays\fonts\dsfont35.h">
      <Filter>Header Files</Filter>
    </ClInclude>
    <ClInclude Include="src\displays\fonts\dsfont52.h">
      <Filter>Header Files</Filter>
    </ClInclude>
    <ClInclude Include="src\displays\fonts\dsfont70.h">
      <Filter>Header Files</Filter>
    </ClInclude>
    <ClInclude Include="src\displays\fonts\TinyFont5.h">
      <Filter>Header Files</Filter>
    </ClInclude>
    <ClInclude Include="src\displays\fonts\TinyFont6.h">
      <Filter>Header Files</Filter>
    </ClInclude>
    <ClInclude Include="src\displays\tools\commongfx.h">
      <Filter>Header Files</Filter>
    </ClInclude>
    <ClInclude Include="src\displays\tools\l10n.h">
      <Filter>Header Files</Filter>
    </ClInclude>
    <ClInclude Include="src\displays\tools\oledcolorfix.h">
      <Filter>Header Files</Filter>
    </ClInclude>
    <ClInclude Include="src\displays\tools\psframebuffer.h">
      <Filter>Header Files</Filter>
    </ClInclude>
    <ClInclude Include="src\displays\tools\tftinverttitle.h">
      <Filter>Header Files</Filter>
    </ClInclude>
    <ClInclude Include="src\displays\tools\utf8Rus.h">
      <Filter>Header Files</Filter>
    </ClInclude>
    <ClInclude Include="src\displays\widgets\pages.h">
      <Filter>Header Files</Filter>
    </ClInclude>
    <ClInclude Include="src\displays\widgets\widgets.h">
      <Filter>Header Files</Filter>
    </ClInclude>
    <ClInclude Include="src\displays\widgets\widgetsconfig.h">
      <Filter>Header Files</Filter>
    </ClInclude>
    <ClInclude Include="src\displays\displayGC9A01A.h">
      <Filter>Header Files</Filter>
    </ClInclude>
    <ClInclude Include="src\displays\displayGC9106.h">
      <Filter>Header Files</Filter>
    </ClInclude>
    <ClInclude Include="src\displays\displayILI9225.h">
      <Filter>Header Files</Filter>
    </ClInclude>
    <ClInclude Include="src\displays\displayILI9341.h">
      <Filter>Header Files</Filter>
    </ClInclude>
    <ClInclude Include="src\displays\displayILI9488.h">
      <Filter>Header Files</Filter>
    </ClInclude>
    <ClInclude Include="src\displays\displayLC1602.h">
      <Filter>Header Files</Filter>
    </ClInclude>
    <ClInclude Include="src\displays\displayN5110.h">
      <Filter>Header Files</Filter>
    </ClInclude>
    <ClInclude Include="src\displays\displaySH1106.h">
      <Filter>Header Files</Filter>
    </ClInclude>
    <ClInclude Include="src\displays\displaySSD1305.h">
      <Filter>Header Files</Filter>
    </ClInclude>
    <ClInclude Include="src\displays\displaySSD1306.h">
      <Filter>Header Files</Filter>
    </ClInclude>
    <ClInclude Include="src\displays\displaySSD1322.h">
      <Filter>Header Files</Filter>
    </ClInclude>
    <ClInclude Include="src\displays\displaySSD1327.h">
      <Filter>Header Files</Filter>
    </ClInclude>
    <ClInclude Include="src\displays\displayST7735.h">
      <Filter>Header Files</Filter>
    </ClInclude>
    <ClInclude Include="src\displays\displayST7789.h">
      <Filter>Header Files</Filter>
    </ClInclude>
    <ClInclude Include="src\displays\displayST7796.h">
      <Filter>Header Files</Filter>
    </ClInclude>
    <ClInclude Include="src\displays\displayST7920.h">
      <Filter>Header Files</Filter>
    </ClInclude>
    <ClInclude Include="src\displays\dspcore.h">
      <Filter>Header Files</Filter>
    </ClInclude>
    <ClInclude Include="src\displays\nextion.h">
      <Filter>Header Files</Filter>
    </ClInclude>
    <ClInclude Include="src\GT911_Touchscreen\TAMC_GT911.h">
      <Filter>Header Files</Filter>
    </ClInclude>
    <ClInclude Include="src\ILI9488\GFXcanvas16T.h">
      <Filter>Header Files</Filter>
    </ClInclude>
    <ClInclude Include="src\ILI9488\ILI9486_SPI.h">
      <Filter>Header Files</Filter>
    </ClInclude>
    <ClInclude Include="src\ILI9488\test_canvas.h">
      <Filter>Header Files</Filter>
    </ClInclude>
    <ClInclude Include="src\IRremoteESP8266\locale\de-CH.h">
      <Filter>Header Files</Filter>
    </ClInclude>
    <ClInclude Include="src\IRremoteESP8266\locale\de-DE.h">
      <Filter>Header Files</Filter>
    </ClInclude>
    <ClInclude Include="src\IRremoteESP8266\locale\defaults.h">
      <Filter>Header Files</Filter>
    </ClInclude>
    <ClInclude Include="src\IRremoteESP8266\locale\en-AU.h">
      <Filter>Header Files</Filter>
    </ClInclude>
    <ClInclude Include="src\IRremoteESP8266\locale\en-IE.h">
      <Filter>Header Files</Filter>
    </ClInclude>
    <ClInclude Include="src\IRremoteESP8266\locale\en-UK.h">
      <Filter>Header Files</Filter>
    </ClInclude>
    <ClInclude Include="src\IRremoteESP8266\locale\en-US.h">
      <Filter>Header Files</Filter>
    </ClInclude>
    <ClInclude Include="src\IRremoteESP8266\locale\es-ES.h">
      <Filter>Header Files</Filter>
    </ClInclude>
    <ClInclude Include="src\IRremoteESP8266\locale\fr-FR.h">
      <Filter>Header Files</Filter>
    </ClInclude>
    <ClInclude Include="src\IRremoteESP8266\locale\it-IT.h">
      <Filter>Header Files</Filter>
    </ClInclude>
    <ClInclude Include="src\IRremoteESP8266\locale\nl-NL.h">
      <Filter>Header Files</Filter>
    </ClInclude>
    <ClInclude Include="src\IRremoteESP8266\locale\pt-BR.h">
      <Filter>Header Files</Filter>
    </ClInclude>
    <ClInclude Include="src\IRremoteESP8266\locale\ru-RU.h">
      <Filter>Header Files</Filter>
    </ClInclude>
    <ClInclude Include="src\IRremoteESP8266\locale\sv-SE.h">
      <Filter>Header Files</Filter>
    </ClInclude>
    <ClInclude Include="src\IRremoteESP8266\locale\zh-CN.h">
      <Filter>Header Files</Filter>
    </ClInclude>
    <ClInclude Include="src\IRremoteESP8266\i18n.h">
      <Filter>Header Files</Filter>
    </ClInclude>
    <ClInclude Include="src\IRremoteESP8266\ir_Airton.h">
      <Filter>Header Files</Filter>
    </ClInclude>
    <ClInclude Include="src\IRremoteESP8266\ir_Airwell.h">
      <Filter>Header Files</Filter>
    </ClInclude>
    <ClInclude Include="src\IRremoteESP8266\ir_Amcor.h">
      <Filter>Header Files</Filter>
    </ClInclude>
    <ClInclude Include="src\IRremoteESP8266\ir_Argo.h">
      <Filter>Header Files</Filter>
    </ClInclude>
    <ClInclude Include="src\IRremoteESP8266\ir_Bosch.h">
      <Filter>Header Files</Filter>
    </ClInclude>
    <ClInclude Include="src\IRremoteESP8266\ir_Carrier.h">
      <Filter>Header Files</Filter>
    </ClInclude>
    <ClInclude Include="src\IRremoteESP8266\ir_Coolix.h">
      <Filter>Header Files</Filter>
    </ClInclude>
    <ClInclude Include="src\IRremoteESP8266\ir_Corona.h">
      <Filter>Header Files</Filter>
    </ClInclude>
    <ClInclude Include="src\IRremoteESP8266\ir_Daikin.h">
      <Filter>Header Files</Filter>
    </ClInclude>
    <ClInclude Include="src\IRremoteESP8266\ir_Delonghi.h">
      <Filter>Header Files</Filter>
    </ClInclude>
    <ClInclude Include="src\IRremoteESP8266\ir_Ecoclim.h">
      <Filter>Header Files</Filter>
    </ClInclude>
    <ClInclude Include="src\IRremoteESP8266\ir_Electra.h">
      <Filter>Header Files</Filter>
    </ClInclude>
    <ClInclude Include="src\IRremoteESP8266\ir_Fujitsu.h">
      <Filter>Header Files</Filter>
    </ClInclude>
    <ClInclude Include="src\IRremoteESP8266\ir_Goodweather.h">
      <Filter>Header Files</Filter>
    </ClInclude>
    <ClInclude Include="src\IRremoteESP8266\ir_Gree.h">
      <Filter>Header Files</Filter>
    </ClInclude>
    <ClInclude Include="src\IRremoteESP8266\ir_Haier.h">
      <Filter>Header Files</Filter>
    </ClInclude>
    <ClInclude Include="src\IRremoteESP8266\ir_Hitachi.h">
      <Filter>Header Files</Filter>
    </ClInclude>
    <ClInclude Include="src\IRremoteESP8266\ir_Kelon.h">
      <Filter>Header Files</Filter>
    </ClInclude>
    <ClInclude Include="src\IRremoteESP8266\ir_Kelvinator.h">
      <Filter>Header Files</Filter>
    </ClInclude>
    <ClInclude Include="src\IRremoteESP8266\ir_LG.h">
      <Filter>Header Files</Filter>
    </ClInclude>
    <ClInclude Include="src\IRremoteESP8266\ir_Magiquest.h">
      <Filter>Header Files</Filter>
    </ClInclude>
    <ClInclude Include="src\IRremoteESP8266\ir_Midea.h">
      <Filter>Header Files</Filter>
    </ClInclude>
    <ClInclude Include="src\IRremoteESP8266\ir_Mirage.h">
      <Filter>Header Files</Filter>
    </ClInclude>
    <ClInclude Include="src\IRremoteESP8266\ir_Mitsubishi.h">
      <Filter>Header Files</Filter>
    </ClInclude>
    <ClInclude Include="src\IRremoteESP8266\ir_MitsubishiHeavy.h">
      <Filter>Header Files</Filter>
    </ClInclude>
    <ClInclude Include="src\IRremoteESP8266\ir_NEC.h">
      <Filter>Header Files</Filter>
    </ClInclude>
    <ClInclude Include="src\IRremoteESP8266\ir_Neoclima.h">
      <Filter>Header Files</Filter>
    </ClInclude>
    <ClInclude Include="src\IRremoteESP8266\ir_Panasonic.h">
      <Filter>Header Files</Filter>
    </ClInclude>
    <ClInclude Include="src\IRremoteESP8266\ir_Rhoss.h">
      <Filter>Header Files</Filter>
    </ClInclude>
    <ClInclude Include="src\IRremoteESP8266\ir_Samsung.h">
      <Filter>Header Files</Filter>
    </ClInclude>
    <ClInclude Include="src\IRremoteESP8266\ir_Sanyo.h">
      <Filter>Header Files</Filter>
    </ClInclude>
    <ClInclude Include="src\IRremoteESP8266\ir_Sharp.h">
      <Filter>Header Files</Filter>
    </ClInclude>
    <ClInclude Include="src\IRremoteESP8266\ir_Tcl.h">
      <Filter>Header Files</Filter>
    </ClInclude>
    <ClInclude Include="src\IRremoteESP8266\ir_Technibel.h">
      <Filter>Header Files</Filter>
    </ClInclude>
    <ClInclude Include="src\IRremoteESP8266\ir_Teco.h">
      <Filter>Header Files</Filter>
    </ClInclude>
    <ClInclude Include="src\IRremoteESP8266\ir_Toshiba.h">
      <Filter>Header Files</Filter>
    </ClInclude>
    <ClInclude Include="src\IRremoteESP8266\ir_Transcold.h">
      <Filter>Header Files</Filter>
    </ClInclude>
    <ClInclude Include="src\IRremoteESP8266\ir_Trotec.h">
      <Filter>Header Files</Filter>
    </ClInclude>
    <ClInclude Include="src\IRremoteESP8266\ir_Truma.h">
      <Filter>Header Files</Filter>
    </ClInclude>
    <ClInclude Include="src\IRremoteESP8266\ir_Vestel.h">
      <Filter>Header Files</Filter>
    </ClInclude>
    <ClInclude Include="src\IRremoteESP8266\ir_Voltas.h">
      <Filter>Header Files</Filter>
    </ClInclude>
    <ClInclude Include="src\IRremoteESP8266\ir_Whirlpool.h">
      <Filter>Header Files</Filter>
    </ClInclude>
    <ClInclude Include="src\IRremoteESP8266\ir_York.h">
      <Filter>Header Files</Filter>
    </ClInclude>
    <ClInclude Include="src\IRremoteESP8266\IRac.h">
      <Filter>Header Files</Filter>
    </ClInclude>
    <ClInclude Include="src\IRremoteESP8266\IRmacros.h">
      <Filter>Header Files</Filter>
    </ClInclude>
    <ClInclude Include="src\IRremoteESP8266\IRrecv.h">
      <Filter>Header Files</Filter>
    </ClInclude>
    <ClInclude Include="src\IRremoteESP8266\IRremoteESP8266.h">
      <Filter>Header Files</Filter>
    </ClInclude>
    <ClInclude Include="src\IRremoteESP8266\IRsend.h">
      <Filter>Header Files</Filter>
    </ClInclude>
    <ClInclude Include="src\IRremoteESP8266\IRtext.h">
      <Filter>Header Files</Filter>
    </ClInclude>
    <ClInclude Include="src\IRremoteESP8266\IRtimer.h">
      <Filter>Header Files</Filter>
    </ClInclude>
    <ClInclude Include="src\IRremoteESP8266\IRutils.h">
      <Filter>Header Files</Filter>
    </ClInclude>
    <ClInclude Include="src\LiquidCrystalI2C\LiquidCrystalI2CEx.h">
      <Filter>Header Files</Filter>
    </ClInclude>
    <ClInclude Include="src\OneButton\OneButton.h">
      <Filter>Header Files</Filter>
    </ClInclude>
    <ClInclude Include="src\pluginsManager\pluginsManager.h">
      <Filter>Header Files</Filter>
    </ClInclude>
    <ClInclude Include="src\SSD1322\SSD1322.h">
      <Filter>Header Files</Filter>
    </ClInclude>
    <ClInclude Include="src\ST7920\ST7920.h">
      <Filter>Header Files</Filter>
    </ClInclude>
    <ClInclude Include="src\yoEncoder\yoEncoder.h">
      <Filter>Header Files</Filter>
    </ClInclude>
    <ClInclude Include="myoptions.h">
      <Filter>Header Files</Filter>
    </ClInclude>
    <ClInclude Include="src\displays\animations.h">
      <Filter>Header Files</Filter>
    </ClInclude>
    <ClInclude Include="locale\displayL10n_pl.h">
      <Filter>Header Files</Filter>
    </ClInclude>
    <ClInclude Include="locale\namedays_PL.h">
      <Filter>Header Files</Filter>
    </ClInclude>
    <ClInclude Include="src\displays\tools\polishChars.h">
      <Filter>Header Files</Filter>
    </ClInclude>
  </ItemGroup>
</Project>